
Microsoft Visual Studio Solution File, Format Version 12.00
# Visual Studio Version 16
VisualStudioVersion = 16.0.32126.315
MinimumVisualStudioVersion = 10.0.40219.1
Project("{FAE04EC0-301F-11D3-BF4B-00C04F79EFBC}") = "ExtensionMethodsDelegates", "ExtensionMethodsDelegates\ExtensionMethodsDelegates.csproj", "{38E4936D-B527-4199-A282-34E08B3E1129}"
EndProject
Global
	GlobalSection(SolutionConfigurationPlatforms) = preSolution
		Debug|Any CPU = Debug|Any CPU
		Release|Any CPU = Release|Any CPU
	EndGlobalSection
	GlobalSection(ProjectConfigurationPlatforms) = postSolution
		{38E4936D-B527-4199-A282-34E08B3E1129}.Debug|Any CPU.ActiveCfg = Debug|Any CPU
		{38E4936D-B527-4199-A282-34E08B3E1129}.Debug|Any CPU.Build.0 = Debug|Any CPU
		{38E4936D-B527-4199-A282-34E08B3E1129}.Release|Any CPU.ActiveCfg = Release|Any CPU
		{38E4936D-B527-4199-A282-34E08B3E1129}.Release|Any CPU.Build.0 = Release|Any CPU
	EndGlobalSection
	GlobalSection(SolutionProperties) = preSolution
		HideSolutionNode = FALSE
	EndGlobalSection
	GlobalSection(ExtensibilityGlobals) = postSolution
		SolutionGuid = {14697D71-3BFD-4FEA-B9D2-0313D356C2B3}
	EndGlobalSection
EndGlobal
